
Microsoft Visual Studio Solution File, Format Version 11.00
# Visual Studio 2010
Project("{FAE04EC0-301F-11D3-BF4B-00C04F79EFBC}") = "Assembly-CSharp", "Assembly-CSharp.csproj", "{B40FBF83-F68D-1124-4EDF-8440343F377F}"
EndProject
Project("{FAE04EC0-301F-11D3-BF4B-00C04F79EFBC}") = "Assembly-CSharp-Editor", "Assembly-CSharp-Editor.csproj", "{BE535BB9-2293-DD8F-1613-C81A3BFD5F20}"
EndProject
Global
	GlobalSection(SolutionConfigurationPlatforms) = preSolution
		Debug|Any CPU = Debug|Any CPU
		Release|Any CPU = Release|Any CPU
	EndGlobalSection
	GlobalSection(ProjectConfigurationPlatforms) = postSolution
		{B40FBF83-F68D-1124-4EDF-8440343F377F}.Debug|Any CPU.ActiveCfg = Debug|Any CPU
		{B40FBF83-F68D-1124-4EDF-8440343F377F}.Debug|Any CPU.Build.0 = Debug|Any CPU
		{B40FBF83-F68D-1124-4EDF-8440343F377F}.Release|Any CPU.ActiveCfg = Release|Any CPU
		{B40FBF83-F68D-1124-4EDF-8440343F377F}.Release|Any CPU.Build.0 = Release|Any CPU
		{BE535BB9-2293-DD8F-1613-C81A3BFD5F20}.Debug|Any CPU.ActiveCfg = Debug|Any CPU
		{BE535BB9-2293-DD8F-1613-C81A3BFD5F20}.Debug|Any CPU.Build.0 = Debug|Any CPU
		{BE535BB9-2293-DD8F-1613-C81A3BFD5F20}.Release|Any CPU.ActiveCfg = Release|Any CPU
		{BE535BB9-2293-DD8F-1613-C81A3BFD5F20}.Release|Any CPU.Build.0 = Release|Any CPU
	EndGlobalSection
	GlobalSection(SolutionProperties) = preSolution
		HideSolutionNode = FALSE
	EndGlobalSection
EndGlobal
